
Microsoft Visual Studio Solution File, Format Version 12.00
# Visual Studio Version 17
VisualStudioVersion = 17.2.32616.157
MinimumVisualStudioVersion = 10.0.40219.1
Project("{8BC9CEB8-8B4A-11D0-8D11-00A0C91BC942}") = "Vivium", "Engine\NEAProject.vcxproj", "{2E05089D-8F1B-4F1F-9B82-E37B1E84C4F2}"
EndProject
Project("{8BC9CEB8-8B4A-11D0-8D11-00A0C91BC942}") = "Game", "Game\Game.vcxproj", "{67F6C795-CBCE-4093-AF64-26F031417902}"
EndProject
Project("{2150E333-8FDC-42A3-9474-1A3956D46DE8}") = "Solution Items", "Solution Items", "{6FD0E3C2-547C-41AD-985F-1BB54B174BFB}"
	ProjectSection(SolutionItems) = preProject
		DOCS.md = DOCS.md
		README.md = README.md
		TODO.md = TODO.md
	EndProjectSection
EndProject
Project("{2150E333-8FDC-42A3-9474-1A3956D46DE8}") = "Resources", "Resources", "{8450CC3B-3D01-46B1-99CE-AD62BB93F784}"
EndProject
Project("{2150E333-8FDC-42A3-9474-1A3956D46DE8}") = "fonts", "fonts", "{FC4E52F9-CD46-4087-831D-8F32827A9F79}"
	ProjectSection(SolutionItems) = preProject
		Resources\fonts\consola.ttf = Resources\fonts\consola.ttf
	EndProjectSection
EndProject
Project("{2150E333-8FDC-42A3-9474-1A3956D46DE8}") = "shaders", "shaders", "{AD78A436-E971-44E3-A8A6-A5287D198026}"
EndProject
Project("{2150E333-8FDC-42A3-9474-1A3956D46DE8}") = "saves", "saves", "{E42AB3D6-99D8-4BBF-86EA-8511129968F3}"
	ProjectSection(SolutionItems) = preProject
		Resources\saves\general.txt = Resources\saves\general.txt
	EndProjectSection
EndProject
Project("{2150E333-8FDC-42A3-9474-1A3956D46DE8}") = "sprites", "sprites", "{09A99787-00EB-4920-AA8F-67E5B1B52DFA}"
	ProjectSection(SolutionItems) = preProject
		Resources\sprites\atlas.png = Resources\sprites\atlas.png
		Resources\sprites\engine_icons.png = Resources\sprites\engine_icons.png
		Resources\sprites\example_atlas.png = Resources\sprites\example_atlas.png
		Resources\sprites\inventory.png = Resources\sprites\inventory.png
		Resources\sprites\items_atlas.png = Resources\sprites\items_atlas.png
		Resources\sprites\tile_atlas.png = Resources\sprites\tile_atlas.png
		Resources\sprites\title.png = Resources\sprites\title.png
	EndProjectSection
EndProject
Project("{2150E333-8FDC-42A3-9474-1A3956D46DE8}") = "scenes", "scenes", "{279A77EC-76C2-4E6F-A014-FAFB36A16B4A}"
EndProject
Project("{2150E333-8FDC-42A3-9474-1A3956D46DE8}") = "_animationfiles", "_animationfiles", "{590723D0-7424-4DAF-8286-94C13FC15F88}"
	ProjectSection(SolutionItems) = preProject
		Resources\sprites\data.animation = Resources\sprites\data.animation
		Resources\sprites\engine_icons.animation = Resources\sprites\engine_icons.animation
		Resources\sprites\items_atlas.ase = Resources\sprites\items_atlas.ase
	EndProjectSection
EndProject
Project("{2150E333-8FDC-42A3-9474-1A3956D46DE8}") = "_frag", "_frag", "{E8A12835-60D9-4A96-B9BD-D867803098B4}"
	ProjectSection(SolutionItems) = preProject
		Resources\shaders\color_frag.glsl = Resources\shaders\color_frag.glsl
		Resources\shaders\floor_item_frag.glsl = Resources\shaders\floor_item_frag.glsl
		Resources\shaders\grayscale_frag.glsl = Resources\shaders\grayscale_frag.glsl
		Resources\shaders\ground_frag.glsl = Resources\shaders\ground_frag.glsl
		Resources\shaders\number_frag.glsl = Resources\shaders\number_frag.glsl
		Resources\shaders\slider_frag.glsl = Resources\shaders\slider_frag.glsl
		Resources\shaders\texture_frag.glsl = Resources\shaders\texture_frag.glsl
		Resources\shaders\text_frag.glsl = Resources\shaders\text_frag.glsl
		Resources\shaders\transparency_frag.glsl = Resources\shaders\transparency_frag.glsl
		Resources\shaders\uv_frag.glsl = Resources\shaders\uv_frag.glsl
	EndProjectSection
EndProject
Project("{2150E333-8FDC-42A3-9474-1A3956D46DE8}") = "_vertex", "_vertex", "{7BBE11D5-A004-4A3D-AAFD-8FD8CD485B32}"
	ProjectSection(SolutionItems) = preProject
		Resources\shaders\floor_item_vertex.glsl = Resources\shaders\floor_item_vertex.glsl
		Resources\shaders\number_vertex.glsl = Resources\shaders\number_vertex.glsl
		Resources\shaders\static_texture_vertex.glsl = Resources\shaders\static_texture_vertex.glsl
		Resources\shaders\static_vertex.glsl = Resources\shaders\static_vertex.glsl
		Resources\shaders\texture_vertex.glsl = Resources\shaders\texture_vertex.glsl
		Resources\shaders\text_vertex.glsl = Resources\shaders\text_vertex.glsl
		Resources\shaders\world_vertex.glsl = Resources\shaders\world_vertex.glsl
	EndProjectSection
EndProject
Global
	GlobalSection(SolutionConfigurationPlatforms) = preSolution
		Debug|x86 = Debug|x86
		Release|x86 = Release|x86
	EndGlobalSection
	GlobalSection(ProjectConfigurationPlatforms) = postSolution
		{2E05089D-8F1B-4F1F-9B82-E37B1E84C4F2}.Debug|x86.ActiveCfg = Debug|Win32
		{2E05089D-8F1B-4F1F-9B82-E37B1E84C4F2}.Debug|x86.Build.0 = Debug|Win32
		{2E05089D-8F1B-4F1F-9B82-E37B1E84C4F2}.Release|x86.ActiveCfg = Release|Win32
		{2E05089D-8F1B-4F1F-9B82-E37B1E84C4F2}.Release|x86.Build.0 = Release|Win32
		{67F6C795-CBCE-4093-AF64-26F031417902}.Debug|x86.ActiveCfg = Debug|Win32
		{67F6C795-CBCE-4093-AF64-26F031417902}.Debug|x86.Build.0 = Debug|Win32
		{67F6C795-CBCE-4093-AF64-26F031417902}.Release|x86.ActiveCfg = Release|Win32
		{67F6C795-CBCE-4093-AF64-26F031417902}.Release|x86.Build.0 = Release|Win32
	EndGlobalSection
	GlobalSection(SolutionProperties) = preSolution
		HideSolutionNode = FALSE
	EndGlobalSection
	GlobalSection(NestedProjects) = preSolution
		{8450CC3B-3D01-46B1-99CE-AD62BB93F784} = {6FD0E3C2-547C-41AD-985F-1BB54B174BFB}
		{FC4E52F9-CD46-4087-831D-8F32827A9F79} = {8450CC3B-3D01-46B1-99CE-AD62BB93F784}
		{AD78A436-E971-44E3-A8A6-A5287D198026} = {8450CC3B-3D01-46B1-99CE-AD62BB93F784}
		{E42AB3D6-99D8-4BBF-86EA-8511129968F3} = {8450CC3B-3D01-46B1-99CE-AD62BB93F784}
		{09A99787-00EB-4920-AA8F-67E5B1B52DFA} = {8450CC3B-3D01-46B1-99CE-AD62BB93F784}
		{279A77EC-76C2-4E6F-A014-FAFB36A16B4A} = {8450CC3B-3D01-46B1-99CE-AD62BB93F784}
		{590723D0-7424-4DAF-8286-94C13FC15F88} = {09A99787-00EB-4920-AA8F-67E5B1B52DFA}
		{E8A12835-60D9-4A96-B9BD-D867803098B4} = {AD78A436-E971-44E3-A8A6-A5287D198026}
		{7BBE11D5-A004-4A3D-AAFD-8FD8CD485B32} = {AD78A436-E971-44E3-A8A6-A5287D198026}
	EndGlobalSection
	GlobalSection(ExtensibilityGlobals) = postSolution
		SolutionGuid = {2AA395CE-ACD5-43DE-A8C5-164B98FFF289}
	EndGlobalSection
EndGlobal
